// !$*UTF8*$!
{
	archiveVersion = 1;
	classes = {
	};
	objectVersion = 46;
	objects = {

/* Begin PBXBuildFile section */
		25C00E331D11A59A007A6F5B /* main.m in Sources */ = {isa = PBXBuildFile; fileRef = 25C00E321D11A59A007A6F5B /* main.m */; };
		25C00E3C1D11A59A007A6F5B /* Main.storyboard in Resources */ = {isa = PBXBuildFile; fileRef = 25C00E3A1D11A59A007A6F5B /* Main.storyboard */; };
		25C00E3E1D11A59A007A6F5B /* Assets.xcassets in Resources */ = {isa = PBXBuildFile; fileRef = 25C00E3D1D11A59A007A6F5B /* Assets.xcassets */; };
		25C00E411D11A59A007A6F5B /* LaunchScreen.storyboard in Resources */ = {isa = PBXBuildFile; fileRef = 25C00E3F1D11A59A007A6F5B /* LaunchScreen.storyboard */; };
		25C00E4D1D11A956007A6F5B /* AppDelegate.m in Sources */ = {isa = PBXBuildFile; fileRef = 25C00E4C1D11A956007A6F5B /* AppDelegate.m */; };
		25C00E531D11A993007A6F5B /* Story.m in Sources */ = {isa = PBXBuildFile; fileRef = 25C00E501D11A993007A6F5B /* Story.m */; };
		25C00E541D11A993007A6F5B /* StoryStore.m in Sources */ = {isa = PBXBuildFile; fileRef = 25C00E521D11A993007A6F5B /* StoryStore.m */; };
		25C00E601D11AA11007A6F5B /* StoryCell.m in Sources */ = {isa = PBXBuildFile; fileRef = 25C00E5E1D11AA11007A6F5B /* StoryCell.m */; };
		25C00E611D11AA11007A6F5B /* StoryCell.xib in Resources */ = {isa = PBXBuildFile; fileRef = 25C00E5F1D11AA11007A6F5B /* StoryCell.xib */; };
		25C00E641D11AAFD007A6F5B /* MainViewController.m in Sources */ = {isa = PBXBuildFile; fileRef = 25C00E631D11AAFD007A6F5B /* MainViewController.m */; };
		25C00E671D11AC15007A6F5B /* UITableView+HLZStickyHeader.m in Sources */ = {isa = PBXBuildFile; fileRef = 25C00E661D11AC15007A6F5B /* UITableView+HLZStickyHeader.m */; };
		25C00E6A1D129054007A6F5B /* HLZInfiniteScrollView.m in Sources */ = {isa = PBXBuildFile; fileRef = 25C00E691D129054007A6F5B /* HLZInfiniteScrollView.m */; };
		25C00E751D142379007A6F5B /* TopStoryImageView.xib in Resources */ = {isa = PBXBuildFile; fileRef = 25C00E741D142379007A6F5B /* TopStoryImageView.xib */; };
		4097FF62344F95D0CACD1BF4 /* Pods_HLZZhihuDaily.framework in Frameworks */ = {isa = PBXBuildFile; fileRef = 67DF8815100B926C446D994D /* Pods_HLZZhihuDaily.framework */; };
/* End PBXBuildFile section */

/* Begin PBXFileReference section */
		1DDA95C75237F4355DAF72E1 /* Pods-HLZZhihuDaily.debug.xcconfig */ = {isa = PBXFileReference; includeInIndex = 1; lastKnownFileType = text.xcconfig; name = "Pods-HLZZhihuDaily.debug.xcconfig"; path = "Pods/Target Support Files/Pods-HLZZhihuDaily/Pods-HLZZhihuDaily.debug.xcconfig"; sourceTree = "<group>"; };
		25C00E2E1D11A59A007A6F5B /* HLZZhihuDaily.app */ = {isa = PBXFileReference; explicitFileType = wrapper.application; includeInIndex = 0; path = HLZZhihuDaily.app; sourceTree = BUILT_PRODUCTS_DIR; };
		25C00E321D11A59A007A6F5B /* main.m */ = {isa = PBXFileReference; lastKnownFileType = sourcecode.c.objc; path = main.m; sourceTree = "<group>"; };
		25C00E3B1D11A59A007A6F5B /* Base */ = {isa = PBXFileReference; lastKnownFileType = file.storyboard; name = Base; path = Base.lproj/Main.storyboard; sourceTree = "<group>"; };
		25C00E3D1D11A59A007A6F5B /* Assets.xcassets */ = {isa = PBXFileReference; lastKnownFileType = folder.assetcatalog; path = Assets.xcassets; sourceTree = "<group>"; };
		25C00E401D11A59A007A6F5B /* Base */ = {isa = PBXFileReference; lastKnownFileType = file.storyboard; name = Base; path = Base.lproj/LaunchScreen.storyboard; sourceTree = "<group>"; };
		25C00E421D11A59A007A6F5B /* Info.plist */ = {isa = PBXFileReference; lastKnownFileType = text.plist.xml; path = Info.plist; sourceTree = "<group>"; };
		25C00E4A1D11A939007A6F5B /* Constants.h */ = {isa = PBXFileReference; fileEncoding = 4; lastKnownFileType = sourcecode.c.h; path = Constants.h; sourceTree = "<group>"; };
		25C00E4B1D11A956007A6F5B /* AppDelegate.h */ = {isa = PBXFileReference; fileEncoding = 4; lastKnownFileType = sourcecode.c.h; path = AppDelegate.h; sourceTree = "<group>"; };
		25C00E4C1D11A956007A6F5B /* AppDelegate.m */ = {isa = PBXFileReference; fileEncoding = 4; lastKnownFileType = sourcecode.c.objc; path = AppDelegate.m; sourceTree = "<group>"; };
		25C00E4F1D11A993007A6F5B /* Story.h */ = {isa = PBXFileReference; fileEncoding = 4; lastKnownFileType = sourcecode.c.h; path = Story.h; sourceTree = "<group>"; };
		25C00E501D11A993007A6F5B /* Story.m */ = {isa = PBXFileReference; fileEncoding = 4; lastKnownFileType = sourcecode.c.objc; path = Story.m; sourceTree = "<group>"; };
		25C00E511D11A993007A6F5B /* StoryStore.h */ = {isa = PBXFileReference; fileEncoding = 4; lastKnownFileType = sourcecode.c.h; path = StoryStore.h; sourceTree = "<group>"; };
		25C00E521D11A993007A6F5B /* StoryStore.m */ = {isa = PBXFileReference; fileEncoding = 4; lastKnownFileType = sourcecode.c.objc; path = StoryStore.m; sourceTree = "<group>"; };
		25C00E5D1D11AA11007A6F5B /* StoryCell.h */ = {isa = PBXFileReference; fileEncoding = 4; lastKnownFileType = sourcecode.c.h; path = StoryCell.h; sourceTree = "<group>"; };
		25C00E5E1D11AA11007A6F5B /* StoryCell.m */ = {isa = PBXFileReference; fileEncoding = 4; lastKnownFileType = sourcecode.c.objc; path = StoryCell.m; sourceTree = "<group>"; };
		25C00E5F1D11AA11007A6F5B /* StoryCell.xib */ = {isa = PBXFileReference; fileEncoding = 4; lastKnownFileType = file.xib; path = StoryCell.xib; sourceTree = "<group>"; };
		25C00E621D11AAFD007A6F5B /* MainViewController.h */ = {isa = PBXFileReference; fileEncoding = 4; lastKnownFileType = sourcecode.c.h; path = MainViewController.h; sourceTree = "<group>"; };
		25C00E631D11AAFD007A6F5B /* MainViewController.m */ = {isa = PBXFileReference; fileEncoding = 4; lastKnownFileType = sourcecode.c.objc; path = MainViewController.m; sourceTree = "<group>"; };
		25C00E651D11AC15007A6F5B /* UITableView+HLZStickyHeader.h */ = {isa = PBXFileReference; fileEncoding = 4; lastKnownFileType = sourcecode.c.h; path = "UITableView+HLZStickyHeader.h"; sourceTree = "<group>"; };
		25C00E661D11AC15007A6F5B /* UITableView+HLZStickyHeader.m */ = {isa = PBXFileReference; fileEncoding = 4; lastKnownFileType = sourcecode.c.objc; path = "UITableView+HLZStickyHeader.m"; sourceTree = "<group>"; };
		25C00E681D129054007A6F5B /* HLZInfiniteScrollView.h */ = {isa = PBXFileReference; fileEncoding = 4; lastKnownFileType = sourcecode.c.h; path = HLZInfiniteScrollView.h; sourceTree = "<group>"; };
		25C00E691D129054007A6F5B /* HLZInfiniteScrollView.m */ = {isa = PBXFileReference; fileEncoding = 4; lastKnownFileType = sourcecode.c.objc; path = HLZInfiniteScrollView.m; sourceTree = "<group>"; };
		25C00E741D142379007A6F5B /* TopStoryImageView.xib */ = {isa = PBXFileReference; fileEncoding = 4; lastKnownFileType = file.xib; path = TopStoryImageView.xib; sourceTree = "<group>"; };
		5AACB207D96E2984BD24C400 /* Pods-HLZZhihuDaily.release.xcconfig */ = {isa = PBXFileReference; includeInIndex = 1; lastKnownFileType = text.xcconfig; name = "Pods-HLZZhihuDaily.release.xcconfig"; path = "Pods/Target Support Files/Pods-HLZZhihuDaily/Pods-HLZZhihuDaily.release.xcconfig"; sourceTree = "<group>"; };
		67DF8815100B926C446D994D /* Pods_HLZZhihuDaily.framework */ = {isa = PBXFileReference; explicitFileType = wrapper.framework; includeInIndex = 0; path = Pods_HLZZhihuDaily.framework; sourceTree = BUILT_PRODUCTS_DIR; };
/* End PBXFileReference section */

/* Begin PBXFrameworksBuildPhase section */
		25C00E2B1D11A59A007A6F5B /* Frameworks */ = {
			isa = PBXFrameworksBuildPhase;
			buildActionMask = 2147483647;
			files = (
				4097FF62344F95D0CACD1BF4 /* Pods_HLZZhihuDaily.framework in Frameworks */,
			);
			runOnlyForDeploymentPostprocessing = 0;
		};
/* End PBXFrameworksBuildPhase section */

/* Begin PBXGroup section */
		25C00E251D11A59A007A6F5B = {
			isa = PBXGroup;
			children = (
				25C00E301D11A59A007A6F5B /* HLZZhihuDaily */,
				25C00E2F1D11A59A007A6F5B /* Products */,
				568B6E686AFC085F15E9FE4A /* Pods */,
				490E9ECA1EACD6590127E6F2 /* Frameworks */,
			);
			sourceTree = "<group>";
		};
		25C00E2F1D11A59A007A6F5B /* Products */ = {
			isa = PBXGroup;
			children = (
				25C00E2E1D11A59A007A6F5B /* HLZZhihuDaily.app */,
			);
			name = Products;
			sourceTree = "<group>";
		};
		25C00E301D11A59A007A6F5B /* HLZZhihuDaily */ = {
			isa = PBXGroup;
			children = (
				25C00E4E1D11A95A007A6F5B /* Application */,
				25C00E551D11A99B007A6F5B /* Models */,
				25C00E481D11A8F4007A6F5B /* Views */,
				25C00E591D11A9D5007A6F5B /* Controllers */,
				25C00E491D11A90F007A6F5B /* Resources */,
				25C00E311D11A59A007A6F5B /* Supporting Files */,
			);
			path = HLZZhihuDaily;
			sourceTree = "<group>";
		};
		25C00E311D11A59A007A6F5B /* Supporting Files */ = {
			isa = PBXGroup;
			children = (
				25C00E4A1D11A939007A6F5B /* Constants.h */,
				25C00E421D11A59A007A6F5B /* Info.plist */,
				25C00E321D11A59A007A6F5B /* main.m */,
			);
			name = "Supporting Files";
			sourceTree = "<group>";
		};
		25C00E481D11A8F4007A6F5B /* Views */ = {
			isa = PBXGroup;
			children = (
				25C00E3A1D11A59A007A6F5B /* Main.storyboard */,
				25C00E3F1D11A59A007A6F5B /* LaunchScreen.storyboard */,
				25C00E5D1D11AA11007A6F5B /* StoryCell.h */,
				25C00E5E1D11AA11007A6F5B /* StoryCell.m */,
				25C00E5F1D11AA11007A6F5B /* StoryCell.xib */,
				25C00E741D142379007A6F5B /* TopStoryImageView.xib */,
				25C00E681D129054007A6F5B /* HLZInfiniteScrollView.h */,
				25C00E691D129054007A6F5B /* HLZInfiniteScrollView.m */,
				25C00E651D11AC15007A6F5B /* UITableView+HLZStickyHeader.h */,
				25C00E661D11AC15007A6F5B /* UITableView+HLZStickyHeader.m */,
			);
			name = Views;
			sourceTree = "<group>";
		};
		25C00E491D11A90F007A6F5B /* Resources */ = {
			isa = PBXGroup;
			children = (
				25C00E3D1D11A59A007A6F5B /* Assets.xcassets */,
			);
			name = Resources;
			sourceTree = "<group>";
		};
		25C00E4E1D11A95A007A6F5B /* Application */ = {
			isa = PBXGroup;
			children = (
				25C00E4B1D11A956007A6F5B /* AppDelegate.h */,
				25C00E4C1D11A956007A6F5B /* AppDelegate.m */,
			);
			name = Application;
			sourceTree = "<group>";
		};
		25C00E551D11A99B007A6F5B /* Models */ = {
			isa = PBXGroup;
			children = (
				25C00E4F1D11A993007A6F5B /* Story.h */,
				25C00E501D11A993007A6F5B /* Story.m */,
				25C00E511D11A993007A6F5B /* StoryStore.h */,
				25C00E521D11A993007A6F5B /* StoryStore.m */,
			);
			name = Models;
			sourceTree = "<group>";
		};
		25C00E591D11A9D5007A6F5B /* Controllers */ = {
			isa = PBXGroup;
			children = (
				25C00E621D11AAFD007A6F5B /* MainViewController.h */,
				25C00E631D11AAFD007A6F5B /* MainViewController.m */,
			);
			name = Controllers;
			sourceTree = "<group>";
		};
		490E9ECA1EACD6590127E6F2 /* Frameworks */ = {
			isa = PBXGroup;
			children = (
				67DF8815100B926C446D994D /* Pods_HLZZhihuDaily.framework */,
			);
			name = Frameworks;
			sourceTree = "<group>";
		};
		568B6E686AFC085F15E9FE4A /* Pods */ = {
			isa = PBXGroup;
			children = (
				1DDA95C75237F4355DAF72E1 /* Pods-HLZZhihuDaily.debug.xcconfig */,
				5AACB207D96E2984BD24C400 /* Pods-HLZZhihuDaily.release.xcconfig */,
			);
			name = Pods;
			sourceTree = "<group>";
		};
/* End PBXGroup section */

/* Begin PBXNativeTarget section */
		25C00E2D1D11A59A007A6F5B /* HLZZhihuDaily */ = {
			isa = PBXNativeTarget;
			buildConfigurationList = 25C00E451D11A59A007A6F5B /* Build configuration list for PBXNativeTarget "HLZZhihuDaily" */;
			buildPhases = (
				1BDCBD7D24015874B3734C08 /* [CP] Check Pods Manifest.lock */,
				25C00E2A1D11A59A007A6F5B /* Sources */,
				25C00E2B1D11A59A007A6F5B /* Frameworks */,
				25C00E2C1D11A59A007A6F5B /* Resources */,
				D60C72F4839AC3D72EB2A8F0 /* [CP] Embed Pods Frameworks */,
				2C3AB3183A8A56C58F10ADAA /* [CP] Copy Pods Resources */,
			);
			buildRules = (
			);
			dependencies = (
			);
			name = HLZZhihuDaily;
			productName = HLZZhihuDaily;
			productReference = 25C00E2E1D11A59A007A6F5B /* HLZZhihuDaily.app */;
			productType = "com.apple.product-type.application";
		};
/* End PBXNativeTarget section */

/* Begin PBXProject section */
		25C00E261D11A59A007A6F5B /* Project object */ = {
			isa = PBXProject;
			attributes = {
				LastUpgradeCheck = 0730;
				ORGANIZATIONNAME = hulizhen;
				TargetAttributes = {
					25C00E2D1D11A59A007A6F5B = {
						CreatedOnToolsVersion = 7.3.1;
					};
				};
			};
			buildConfigurationList = 25C00E291D11A59A007A6F5B /* Build configuration list for PBXProject "HLZZhihuDaily" */;
			compatibilityVersion = "Xcode 3.2";
			developmentRegion = English;
			hasScannedForEncodings = 0;
			knownRegions = (
				en,
				Base,
			);
			mainGroup = 25C00E251D11A59A007A6F5B;
			productRefGroup = 25C00E2F1D11A59A007A6F5B /* Products */;
			projectDirPath = "";
			projectRoot = "";
			targets = (
				25C00E2D1D11A59A007A6F5B /* HLZZhihuDaily */,
			);
		};
/* End PBXProject section */

/* Begin PBXResourcesBuildPhase section */
		25C00E2C1D11A59A007A6F5B /* Resources */ = {
			isa = PBXResourcesBuildPhase;
			buildActionMask = 2147483647;
			files = (
				25C00E411D11A59A007A6F5B /* LaunchScreen.storyboard in Resources */,
				25C00E3E1D11A59A007A6F5B /* Assets.xcassets in Resources */,
				25C00E751D142379007A6F5B /* TopStoryImageView.xib in Resources */,
				25C00E3C1D11A59A007A6F5B /* Main.storyboard in Resources */,
				25C00E611D11AA11007A6F5B /* StoryCell.xib in Resources */,
			);
			runOnlyForDeploymentPostprocessing = 0;
		};
/* End PBXResourcesBuildPhase section */

/* Begin PBXShellScriptBuildPhase section */
		1BDCBD7D24015874B3734C08 /* [CP] Check Pods Manifest.lock */ = {
			isa = PBXShellScriptBuildPhase;
			buildActionMask = 2147483647;
			files = (
			);
			inputPaths = (
			);
			name = "[CP] Check Pods Manifest.lock";
			outputPaths = (
			);
			runOnlyForDeploymentPostprocessing = 0;
			shellPath = /bin/sh;
			shellScript = "diff \"${PODS_ROOT}/../Podfile.lock\" \"${PODS_ROOT}/Manifest.lock\" > /dev/null\nif [[ $? != 0 ]] ; then\n    cat << EOM\nerror: The sandbox is not in sync with the Podfile.lock. Run 'pod install' or update your CocoaPods installation.\nEOM\n    exit 1\nfi\n";
			showEnvVarsInLog = 0;
		};
		2C3AB3183A8A56C58F10ADAA /* [CP] Copy Pods Resources */ = {
			isa = PBXShellScriptBuildPhase;
			buildActionMask = 2147483647;
			files = (
			);
			inputPaths = (
			);
			name = "[CP] Copy Pods Resources";
			outputPaths = (
			);
			runOnlyForDeploymentPostprocessing = 0;
			shellPath = /bin/sh;
			shellScript = "\"${SRCROOT}/Pods/Target Support Files/Pods-HLZZhihuDaily/Pods-HLZZhihuDaily-resources.sh\"\n";
			showEnvVarsInLog = 0;
		};
		D60C72F4839AC3D72EB2A8F0 /* [CP] Embed Pods Frameworks */ = {
			isa = PBXShellScriptBuildPhase;
			buildActionMask = 2147483647;
			files = (
			);
			inputPaths = (
			);
			name = "[CP] Embed Pods Frameworks";
			outputPaths = (
			);
			runOnlyForDeploymentPostprocessing = 0;
			shellPath = /bin/sh;
			shellScript = "\"${SRCROOT}/Pods/Target Support Files/Pods-HLZZhihuDaily/Pods-HLZZhihuDaily-frameworks.sh\"\n";
			showEnvVarsInLog = 0;
		};
/* End PBXShellScriptBuildPhase section */

/* Begin PBXSourcesBuildPhase section */
		25C00E2A1D11A59A007A6F5B /* Sources */ = {
			isa = PBXSourcesBuildPhase;
			buildActionMask = 2147483647;
			files = (
				25C00E6A1D129054007A6F5B /* HLZInfiniteScrollView.m in Sources */,
				25C00E531D11A993007A6F5B /* Story.m in Sources */,
				25C00E541D11A993007A6F5B /* StoryStore.m in Sources */,
				25C00E671D11AC15007A6F5B /* UITableView+HLZStickyHeader.m in Sources */,
				25C00E601D11AA11007A6F5B /* StoryCell.m in Sources */,
				25C00E641D11AAFD007A6F5B /* MainViewController.m in Sources */,
				25C00E4D1D11A956007A6F5B /* AppDelegate.m in Sources */,
				25C00E331D11A59A007A6F5B /* main.m in Sources */,
			);
			runOnlyForDeploymentPostprocessing = 0;
		};
/* End PBXSourcesBuildPhase section */

/* Begin PBXVariantGroup section */
		25C00E3A1D11A59A007A6F5B /* Main.storyboard */ = {
			isa = PBXVariantGroup;
			children = (
				25C00E3B1D11A59A007A6F5B /* Base */,
			);
			name = Main.storyboard;
			sourceTree = "<group>";
		};
		25C00E3F1D11A59A007A6F5B /* LaunchScreen.storyboard */ = {
			isa = PBXVariantGroup;
			children = (
				25C00E401D11A59A007A6F5B /* Base */,
			);
			name = LaunchScreen.storyboard;
			sourceTree = "<group>";
		};
/* End PBXVariantGroup section */

/* Begin XCBuildConfiguration section */
		25C00E431D11A59A007A6F5B /* Debug */ = {
			isa = XCBuildConfiguration;
			buildSettings = {
				ALWAYS_SEARCH_USER_PATHS = NO;
				CLANG_ANALYZER_NONNULL = YES;
				CLANG_CXX_LANGUAGE_STANDARD = "gnu++0x";
				CLANG_CXX_LIBRARY = "libc++";
				CLANG_ENABLE_MODULES = YES;
				CLANG_ENABLE_OBJC_ARC = YES;
				CLANG_WARN_BOOL_CONVERSION = YES;
				CLANG_WARN_CONSTANT_CONVERSION = YES;
				CLANG_WARN_DIRECT_OBJC_ISA_USAGE = YES_ERROR;
				CLANG_WARN_EMPTY_BODY = YES;
				CLANG_WARN_ENUM_CONVERSION = YES;
				CLANG_WARN_INT_CONVERSION = YES;
				CLANG_WARN_OBJC_ROOT_CLASS = YES_ERROR;
				CLANG_WARN_UNREACHABLE_CODE = YES;
				CLANG_WARN__DUPLICATE_METHOD_MATCH = YES;
				"CODE_SIGN_IDENTITY[sdk=iphoneos*]" = "iPhone Developer";
				COPY_PHASE_STRIP = NO;
				DEBUG_INFORMATION_FORMAT = dwarf;
				ENABLE_STRICT_OBJC_MSGSEND = YES;
				ENABLE_TESTABILITY = YES;
				GCC_C_LANGUAGE_STANDARD = gnu99;
				GCC_DYNAMIC_NO_PIC = NO;
				GCC_NO_COMMON_BLOCKS = YES;
				GCC_OPTIMIZATION_LEVEL = 0;
				GCC_PREPROCESSOR_DEFINITIONS = (
					"DEBUG=1",
					"$(inherited)",
				);
				GCC_WARN_64_TO_32_BIT_CONVERSION = YES;
				GCC_WARN_ABOUT_RETURN_TYPE = YES_ERROR;
				GCC_WARN_UNDECLARED_SELECTOR = YES;
				GCC_WARN_UNINITIALIZED_AUTOS = YES_AGGRESSIVE;
				GCC_WARN_UNUSED_FUNCTION = YES;
				GCC_WARN_UNUSED_VARIABLE = YES;
				IPHONEOS_DEPLOYMENT_TARGET = 9.3;
				MTL_ENABLE_DEBUG_INFO = YES;
				ONLY_ACTIVE_ARCH = YES;
				SDKROOT = iphoneos;
			};
			name = Debug;
		};
		25C00E441D11A59A007A6F5B /* Release */ = {
			isa = XCBuildConfiguration;
			buildSettings = {
				ALWAYS_SEARCH_USER_PATHS = NO;
				CLANG_ANALYZER_NONNULL = YES;
				CLANG_CXX_LANGUAGE_STANDARD = "gnu++0x";
				CLANG_CXX_LIBRARY = "libc++";
				CLANG_ENABLE_MODULES = YES;
				CLANG_ENABLE_OBJC_ARC = YES;
				CLANG_WARN_BOOL_CONVERSION = YES;
				CLANG_WARN_CONSTANT_CONVERSION = YES;
				CLANG_WARN_DIRECT_OBJC_ISA_USAGE = YES_ERROR;
				CLANG_WARN_EMPTY_BODY = YES;
				CLANG_WARN_ENUM_CONVERSION = YES;
				CLANG_WARN_INT_CONVERSION = YES;
				CLANG_WARN_OBJC_ROOT_CLASS = YES_ERROR;
				CLANG_WARN_UNREACHABLE_CODE = YES;
				CLANG_WARN__DUPLICATE_METHOD_MATCH = YES;
				"CODE_SIGN_IDENTITY[sdk=iphoneos*]" = "iPhone Developer";
				COPY_PHASE_STRIP = NO;
				DEBUG_INFORMATION_FORMAT = "dwarf-with-dsym";
				ENABLE_NS_ASSERTIONS = NO;
				ENABLE_STRICT_OBJC_MSGSEND = YES;
				GCC_C_LANGUAGE_STANDARD = gnu99;
				GCC_NO_COMMON_BLOCKS = YES;
				GCC_WARN_64_TO_32_BIT_CONVERSION = YES;
				GCC_WARN_ABOUT_RETURN_TYPE = YES_ERROR;
				GCC_WARN_UNDECLARED_SELECTOR = YES;
				GCC_WARN_UNINITIALIZED_AUTOS = YES_AGGRESSIVE;
				GCC_WARN_UNUSED_FUNCTION = YES;
				GCC_WARN_UNUSED_VARIABLE = YES;
				IPHONEOS_DEPLOYMENT_TARGET = 9.3;
				MTL_ENABLE_DEBUG_INFO = NO;
				SDKROOT = iphoneos;
				VALIDATE_PRODUCT = YES;
			};
			name = Release;
		};
		25C00E461D11A59A007A6F5B /* Debug */ = {
			isa = XCBuildConfiguration;
			baseConfigurationReference = 1DDA95C75237F4355DAF72E1 /* Pods-HLZZhihuDaily.debug.xcconfig */;
			buildSettings = {
				ASSETCATALOG_COMPILER_APPICON_NAME = AppIcon;
				INFOPLIST_FILE = HLZZhihuDaily/Info.plist;
				LD_RUNPATH_SEARCH_PATHS = "$(inherited) @executable_path/Frameworks";
				PRODUCT_BUNDLE_IDENTIFIER = com.hulizhen.HLZZhihuDaily;
				PRODUCT_NAME = "$(TARGET_NAME)";
			};
			name = Debug;
		};
		25C00E471D11A59A007A6F5B /* Release */ = {
			isa = XCBuildConfiguration;
			baseConfigurationReference = 5AACB207D96E2984BD24C400 /* Pods-HLZZhihuDaily.release.xcconfig */;
			buildSettings = {
				ASSETCATALOG_COMPILER_APPICON_NAME = AppIcon;
				INFOPLIST_FILE = HLZZhihuDaily/Info.plist;
				LD_RUNPATH_SEARCH_PATHS = "$(inherited) @executable_path/Frameworks";
				PRODUCT_BUNDLE_IDENTIFIER = com.hulizhen.HLZZhihuDaily;
				PRODUCT_NAME = "$(TARGET_NAME)";
			};
			name = Release;
		};
/* End XCBuildConfiguration section */

/* Begin XCConfigurationList section */
		25C00E291D11A59A007A6F5B /* Build configuration list for PBXProject "HLZZhihuDaily" */ = {
			isa = XCConfigurationList;
			buildConfigurations = (
				25C00E431D11A59A007A6F5B /* Debug */,
				25C00E441D11A59A007A6F5B /* Release */,
			);
			defaultConfigurationIsVisible = 0;
			defaultConfigurationName = Release;
		};
		25C00E451D11A59A007A6F5B /* Build configuration list for PBXNativeTarget "HLZZhihuDaily" */ = {
			isa = XCConfigurationList;
			buildConfigurations = (
				25C00E461D11A59A007A6F5B /* Debug */,
				25C00E471D11A59A007A6F5B /* Release */,
			);
			defaultConfigurationIsVisible = 0;
			defaultConfigurationName = Release;
		};
/* End XCConfigurationList section */
	};
	rootObject = 25C00E261D11A59A007A6F5B /* Project object */;
}
